version = 1
revision = 3
requires-python = ">=3.13"
required-markers = [
    "platform_machine == 'AMD64' and sys_platform == 'win32'",
]

[[package]]
name = "capstone"
version = "5.0.6"
source = { registry = "https://pypi.org/simple" }
sdist = { url = "https://files.pythonhosted.org/packages/d5/b0/1f126035a4cbc6f488b97e4bd57a46a28b6ba29ca8b938cbda840601a18a/capstone-5.0.6.tar.gz", hash = "sha256:b11a87d67751b006b9b44428d59c99512e6d6c89cf7dff8cdd92d9065628b5a0", size = 2945704, upload-time = "2025-03-23T16:03:40.795Z" }
wheels = [
    { url = "https://files.pythonhosted.org/packages/cd/9a/d9c11e090fa03dfc61a03a57ba44c6a07370f4ac5814f2a5804bfd40ee8b/capstone-5.0.6-py3-none-macosx_10_9_universal2.whl", hash = "sha256:0bca16e1c3ca1b928df6103b3889dcb6df7b05392d75a0b7af3508798148b899", size = 2177082, upload-time = "2025-03-23T16:03:27.815Z" },
    { url = "https://files.pythonhosted.org/packages/66/28/72a0be2325e6ee459f27cdcd835d3eee6fed5136321b5f7be41b41dc8656/capstone-5.0.6-py3-none-macosx_10_9_x86_64.whl", hash = "sha256:539191906a34ad1c573ec12b787b2caf154ea41175db6ded9def00aea8151099", size = 1180215, upload-time = "2025-03-23T16:03:29.409Z" },
    { url = "https://files.pythonhosted.org/packages/54/93/7b8fb02661d47a2822d5b640df804ef310417144af02e6db3446f174c4b5/capstone-5.0.6-py3-none-macosx_11_0_arm64.whl", hash = "sha256:e0b87b283905e4fc43635ca04cf26f4a5d9e8375852e5464d38938f3a28c207a", size = 1192757, upload-time = "2025-03-23T16:03:30.966Z" },
    { url = "https://files.pythonhosted.org/packages/ba/a2/d1bdb7260ade8165182979ea16098ef3a37c01316140511a611e549dbfe3/capstone-5.0.6-py3-none-manylinux_2_17_aarch64.manylinux2014_aarch64.whl", hash = "sha256:fa7892f0c89455078c18f07d2d309fb07baa53061b8f9a63db1ea00d41a46726", size = 1458413, upload-time = "2025-03-23T16:03:32.04Z" },
    { url = "https://files.pythonhosted.org/packages/78/7f/ec0687bbe8f6b128f1d41d90ec7cedfd1aaaa4ecb1ae8d334acc7dad8013/capstone-5.0.6-py3-none-manylinux_2_17_x86_64.manylinux2014_x86_64.whl", hash = "sha256:0358855773100bb91ae6681fabce7299df83156945ba943f6211061a592c54a6", size = 1481605, upload-time = "2025-03-23T16:03:33.526Z" },
    { url = "https://files.pythonhosted.org/packages/fc/1d/77bb0f79e1dacdfdcc0679c747d9ca24cc621095e09bdb665e7dd0c580ae/capstone-5.0.6-py3-none-manylinux_2_5_i686.manylinux1_i686.manylinux_2_17_i686.manylinux2014_i686.whl", hash = "sha256:667d6466dab1522fa5e9659be5cf1aca83e4fc3da7d15d0e5e6047f71fb46c4a", size = 1480730, upload-time = "2025-03-23T16:03:34.601Z" },
    { url = "https://files.pythonhosted.org/packages/72/63/07437972f68d0b2ba13e1705a6994404c9c961afbadc342c5b6fcf1de652/capstone-5.0.6-py3-none-musllinux_1_2_aarch64.whl", hash = "sha256:45c0e25500dd8d283d3b70f2e10cebfec93ab8bdaf6af9a763a0a999b4705891", size = 1457992, upload-time = "2025-03-23T16:03:35.75Z" },
    { url = "https://files.pythonhosted.org/packages/0c/53/f371e86493a2ae659b5a493c3cc23122974e83a1f53d3a5638d7bb7ac371/capstone-5.0.6-py3-none-musllinux_1_2_i686.whl", hash = "sha256:22f1f2f118f8fa1d1c5c90bca90e75864d55e16349b3c03aaea0e86b4a45d2a9", size = 1484184, upload-time = "2025-03-23T16:03:37.05Z" },
    { url = "https://files.pythonhosted.org/packages/df/c3/8b842ae32949c3570581164619c2f69001c6d8da566dc2e490372032b0d6/capstone-5.0.6-py3-none-musllinux_1_2_x86_64.whl", hash = "sha256:bc23cf634f51d0e53bdd04ea53ccfff7fc9060dfe58dff1e1b260ce40e5538ff", size = 1485357, upload-time = "2025-03-23T16:03:38.133Z" },
    { url = "https://files.pythonhosted.org/packages/da/72/ff7894c2fb5716d9a3ce9c27ba34b29d991a11d8442d2ef0fcdc5564ba7e/capstone-5.0.6-py3-none-win_amd64.whl", hash = "sha256:761c3deae00b22ac697081cdae1383bb90659dd0d79387a09cf5bdbb22b17064", size = 1271345, upload-time = "2025-03-23T16:03:39.649Z" },
]

[[package]]
name = "colorama"
version = "0.4.6"
source = { registry = "https://pypi.org/simple" }
sdist = { url = "https://files.pythonhosted.org/packages/d8/53/6f443c9a4a8358a93a6792e2acffb9d9d5cb0a5cfd8802644b7b1c9a02e4/colorama-0.4.6.tar.gz", hash = "sha256:08695f5cb7ed6e0531a20572697297273c47b8cae5a63ffc6d6ed5c201be6e44", size = 27697, upload-time = "2022-10-25T02:36:22.414Z" }
wheels = [
    { url = "https://files.pythonhosted.org/packages/d1/d6/3965ed04c63042e047cb6a3e6ed1a63a35087b6a609aa3a15ed8ac56c221/colorama-0.4.6-py2.py3-none-any.whl", hash = "sha256:4f1d9991f5acc0ca119f9d443620b77f9d6b33703e51011c16baf57afb285fc6", size = 25335, upload-time = "2022-10-25T02:36:20.889Z" },
]

[[package]]
name = "comtypes"
version = "1.4.13"
source = { registry = "https://pypi.org/simple" }
sdist = { url = "https://files.pythonhosted.org/packages/c0/5c/848f18615227fe20f5ba61b271bbeb670f2ea894f76fb3a533e53d4b52d4/comtypes-1.4.13.zip", hash = "sha256:fc573997ae32b374891cfa8d79ebb8289809ed3a4a3f789d5348371099c7788a", size = 281325, upload-time = "2025-10-12T14:25:09.061Z" }
wheels = [
    { url = "https://files.pythonhosted.org/packages/66/95/f30c80615fda0d3c0ee6493ac9db61183313b43499b62dec136773b0e870/comtypes-1.4.13-py3-none-any.whl", hash = "sha256:21546210748ba52e839e52112124b16ffab7d7fb68096493165fbc249e9023ad", size = 254433, upload-time = "2025-10-12T14:25:07.539Z" },
]

[[package]]
name = "esper"
version = "3.4"
source = { registry = "https://pypi.org/simple" }
sdist = { url = "https://files.pythonhosted.org/packages/b6/3f/de53150c9ef43d1211ac40184a0908186df7b5b3c77237fe696175761638/esper-3.4.tar.gz", hash = "sha256:56ac0f4886c2c07f3ac093922d1424405614ad30afd2847fe6fa85a3a0ec5b81", size = 33513, upload-time = "2025-04-04T06:39:30.677Z" }
wheels = [
    { url = "https://files.pythonhosted.org/packages/83/0b/e195fedd8f085026b20c568d210585150368986a03bd3422a31ceeb3b9ac/esper-3.4-py3-none-any.whl", hash = "sha256:5e4e41fdde1ff104eacf6cb9638272399b2ca5b7d1c3845cf9047d214c5cbfa3", size = 13503, upload-time = "2025-04-04T06:39:28.708Z" },
]

[[package]]
name = "game-python"
version = "0.1.0"
source = { virtual = "." }
dependencies = [
    { name = "esper" },
    { name = "pybag" },
    { name = "pygame-ce" },
    { name = "pywin32", marker = "sys_platform == 'win32'" },
]

[package.dev-dependencies]
dev = [
    { name = "pytest" },
    { name = "ruff" },
]

[package.metadata]
requires-dist = [
    { name = "esper", specifier = ">=3.4" },
    { name = "pybag", specifier = ">=2.2.16" },
    { name = "pygame-ce", specifier = ">=2.5.6" },
    { name = "pywin32", marker = "sys_platform == 'win32'", specifier = ">=306" },
]

[package.metadata.requires-dev]
dev = [
    { name = "pytest", specifier = ">=9.0.1" },
    { name = "ruff", specifier = ">=0.14.6" },
]

[[package]]
name = "iniconfig"
version = "2.3.0"
source = { registry = "https://pypi.org/simple" }
sdist = { url = "https://files.pythonhosted.org/packages/72/34/14ca021ce8e5dfedc35312d08ba8bf51fdd999c576889fc2c24cb97f4f10/iniconfig-2.3.0.tar.gz", hash = "sha256:c76315c77db068650d49c5b56314774a7804df16fee4402c1f19d6d15d8c4730", size = 20503, upload-time = "2025-10-18T21:55:43.219Z" }
wheels = [
    { url = "https://files.pythonhosted.org/packages/cb/b1/3846dd7f199d53cb17f49cba7e651e9ce294d8497c8c150530ed11865bb8/iniconfig-2.3.0-py3-none-any.whl", hash = "sha256:f631c04d2c48c52b84d0d0549c99ff3859c98df65b3101406327ecc7d53fbf12", size = 7484, upload-time = "2025-10-18T21:55:41.639Z" },
]

[[package]]
name = "packaging"
version = "25.0"
source = { registry = "https://pypi.org/simple" }
sdist = { url = "https://files.pythonhosted.org/packages/a1/d4/1fc4078c65507b51b96ca8f8c3ba19e6a61c8253c72794544580a7b6c24d/packaging-25.0.tar.gz", hash = "sha256:d443872c98d677bf60f6a1f2f8c1cb748e8fe762d2bf9d3148b5599295b0fc4f", size = 165727, upload-time = "2025-04-19T11:48:59.673Z" }
wheels = [
    { url = "https://files.pythonhosted.org/packages/20/12/38679034af332785aac8774540895e234f4d07f7545804097de4b666afd8/packaging-25.0-py3-none-any.whl", hash = "sha256:29572ef2b1f17581046b3a2227d5c611fb25ec70ca1ba8554b24b0e69331a484", size = 66469, upload-time = "2025-04-19T11:48:57.875Z" },
]

[[package]]
name = "pluggy"
version = "1.6.0"
source = { registry = "https://pypi.org/simple" }
sdist = { url = "https://files.pythonhosted.org/packages/f9/e2/3e91f31a7d2b083fe6ef3fa267035b518369d9511ffab804f839851d2779/pluggy-1.6.0.tar.gz", hash = "sha256:7dcc130b76258d33b90f61b658791dede3486c3e6bfb003ee5c9bfb396dd22f3", size = 69412, upload-time = "2025-05-15T12:30:07.975Z" }
wheels = [
    { url = "https://files.pythonhosted.org/packages/54/20/4d324d65cc6d9205fabedc306948156824eb9f0ee1633355a8f7ec5c66bf/pluggy-1.6.0-py3-none-any.whl", hash = "sha256:e920276dd6813095e9377c0bc5566d94c932c33b27a3e3945d8389c374dd4746", size = 20538, upload-time = "2025-05-15T12:30:06.134Z" },
]

[[package]]
name = "pybag"
version = "2.2.16"
source = { registry = "https://pypi.org/simple" }
dependencies = [
    { name = "capstone" },
    { name = "comtypes" },
    { name = "pywin32" },
    { name = "win32more" },
]
sdist = { url = "https://files.pythonhosted.org/packages/e1/84/1053510186c0f9a37daad1287194c1b57167590fb065f33ed2d481db58e3/pybag-2.2.16.tar.gz", hash = "sha256:64066f4e5c6581fa9cf778d8e6cf5ce33d3f431961557365c465905ca79b2966", size = 152913, upload-time = "2025-06-26T02:24:59.073Z" }
wheels = [
    { url = "https://files.pythonhosted.org/packages/5e/a2/52084698c0a3c7e7a94ddfff26f83df09a50781b8436f6f203f5de0a457c/pybag-2.2.16-py3-none-any.whl", hash = "sha256:cef631e87d0bb12163c8cb11ca756ddfa8924a6eacdbd746683ed58948a2bfdf", size = 158949, upload-time = "2025-06-26T02:24:58.091Z" },
]

[[package]]
name = "pygame-ce"
version = "2.5.6"
source = { registry = "https://pypi.org/simple" }
sdist = { url = "https://files.pythonhosted.org/packages/f1/a0/8199f0e96f43d94b79a74116a20b4937648bd26117e11d8994b1169a9120/pygame_ce-2.5.6.tar.gz", hash = "sha256:d3d019309d1e76fd19978b01753e8576bd76c66411ac7a4885785f95e68dc261", size = 5901071, upload-time = "2025-10-19T13:09:06.225Z" }
wheels = [
    { url = "https://files.pythonhosted.org/packages/fd/c4/b2a2b259d05ea90840d62b2dd61b5005d891fd82fde7e05f59ecc3a9de8f/pygame_ce-2.5.6-cp313-cp313-macosx_10_13_x86_64.whl", hash = "sha256:a83710528f2a90a026fca9caee390779842d5486ca3d48d4d1213060e5d41083", size = 12478496, upload-time = "2025-10-19T13:08:07.499Z" },
    { url = "https://files.pythonhosted.org/packages/33/1d/8c14e5789fb0b4a7a8b6817b46690362f072da6c8307140de10f70fbf588/pygame_ce-2.5.6-cp313-cp313-macosx_11_0_arm64.whl", hash = "sha256:971b86e48acdf37aaf9782560088c0949ca7ec3aea33827c74f4d4c4bc04c367", size = 11722973, upload-time = "2025-10-19T13:08:09.552Z" },
    { url = "https://files.pythonhosted.org/packages/2e/fd/255b8233c690a68d3b68d299868fd51b5f6f509ae67453b6c21c3e27330a/pygame_ce-2.5.6-cp313-cp313-manylinux2014_aarch64.manylinux_2_17_aarch64.whl", hash = "sha256:92050fd16b62b20779b6ec2fb867bc8261e5499be967ed2aa7ff6a76b7735791", size = 12396847, upload-time = "2025-10-19T13:08:11.808Z" },
    { url = "https://files.pythonhosted.org/packages/79/aa/af9d6ac848670c3ecc96c7dc0c91cff43e5d9b6605a9c208a45fa570d50e/pygame_ce-2.5.6-cp313-cp313-manylinux2014_i686.manylinux_2_17_i686.whl", hash = "sha256:45b01f49d35dbc8a66bbbcd06ab83312625850bcc2d9ae528b5b15130b733a43", size = 12934541, upload-time = "2025-10-19T13:08:14.406Z" },
    { url = "https://files.pythonhosted.org/packages/61/28/b13cc306693e917b9a4b746ccad2615fa43d8f4f2373e28104edc33f6f8f/pygame_ce-2.5.6-cp313-cp313-manylinux2014_x86_64.manylinux_2_17_x86_64.whl", hash = "sha256:d811bba090fbb10d6a1c4d6917350da5a6a585630605833fa91499480b72bfcf", size = 12552091, upload-time = "2025-10-19T13:08:16.738Z" },
    { url = "https://files.pythonhosted.org/packages/15/28/bae79f3e5a862838e297f5725b52777781fa9507872321444afec31158e1/pygame_ce-2.5.6-cp313-cp313-win32.whl", hash = "sha256:283c7dc231387d05b294b2f72513bd767af91277a64900d10f4efb0b731f4d13", size = 9843196, upload-time = "2025-10-19T13:08:18.708Z" },
    { url = "https://files.pythonhosted.org/packages/2d/d9/1d16eff301bda4b22d1d19eda966cfbc9bf174648e4af85dee8c5ffb72cf/pygame_ce-2.5.6-cp313-cp313-win_amd64.whl", hash = "sha256:c38f17313b27ad97f0578ba863972b6e1fe22b1ec8568af6c7785b5bd55d21e1", size = 10422176, upload-time = "2025-10-19T13:08:20.985Z" },
    { url = "https://files.pythonhosted.org/packages/c1/7a/085e270baa9266ee2c0fb2a9adcaf00fc7ff33ce9025a099623437f8ddc9/pygame_ce-2.5.6-cp314-cp314-macosx_10_15_x86_64.whl", hash = "sha256:e341d53222fc5749a5fda1c331d9f167f2f90050eacc0c636d5f576791497d2e", size = 12485715, upload-time = "2025-10-19T13:08:23.051Z" },
    { url = "https://files.pythonhosted.org/packages/2c/c6/662f002804c5cd87384e7ffc5c9cbf9cc480b5e81ff18a6b98b454067abb/pygame_ce-2.5.6-cp314-cp314-macosx_11_0_arm64.whl", hash = "sha256:fda10bdba288386850b0a4c4cc22c5073efe667cd6a7426fb9f54203219f84dd", size = 11724914, upload-time = "2025-10-19T13:08:25.197Z" },
    { url = "https://files.pythonhosted.org/packages/bd/c7/147bfaa1be052c1a6db7f1d062296e23ce03c8ea8d136bf478fccaed456c/pygame_ce-2.5.6-cp314-cp314-manylinux2014_aarch64.manylinux_2_17_aarch64.whl", hash = "sha256:6889bb8a38f5d80c3f45c58480fa069cc94c07cf679b20a23e925e27f129ce2e", size = 12401943, upload-time = "2025-10-19T13:08:27.285Z" },
    { url = "https://files.pythonhosted.org/packages/23/03/1d07c3db18cee2ef4d478403c4c11d0486ff267f91ad6e3104478064207b/pygame_ce-2.5.6-cp314-cp314-manylinux2014_i686.manylinux_2_17_i686.whl", hash = "sha256:ed1337e78cc0d3c1ee205fdf99e0b77237a2958119a6c9b03758a138889e00fd", size = 12934781, upload-time = "2025-10-19T13:08:29.329Z" },
    { url = "https://files.pythonhosted.org/packages/3a/98/e5cd3053eac63d6a2622c654d4b09977375939beda34d203f064dac5dfd9/pygame_ce-2.5.6-cp314-cp314-manylinux2014_x86_64.manylinux_2_17_x86_64.whl", hash = "sha256:266f976feb1a61bf19163416897189e6e7a8f78c362576a0afa214ffb7f1d18e", size = 12553880, upload-time = "2025-10-19T13:08:31.833Z" },
    { url = "https://files.pythonhosted.org/packages/58/a9/90b806a7bb24bdea638603ff6c3dc0debc8e29012ae389172943579761c7/pygame_ce-2.5.6-cp314-cp314-win32.whl", hash = "sha256:c73ce70c63ab45f778fdc9d10d27077f9cfc49d1fa4ea1ae0e5eca514b47b683", size = 9975637, upload-time = "2025-10-19T13:08:34.417Z" },
    { url = "https://files.pythonhosted.org/packages/87/1b/d9f180e142273dcef180ad3274213eba13ad76f335434979e584fbd57278/pygame_ce-2.5.6-cp314-cp314-win_amd64.whl", hash = "sha256:9579c4283fd644798632aac20d65282a2e7efcdf0f79b7c545fdeda372381e30", size = 10589621, upload-time = "2025-10-19T13:08:36.676Z" },
]

[[package]]
name = "pygments"
version = "2.19.2"
source = { registry = "https://pypi.org/simple" }
sdist = { url = "https://files.pythonhosted.org/packages/b0/77/a5b8c569bf593b0140bde72ea885a803b82086995367bf2037de0159d924/pygments-2.19.2.tar.gz", hash = "sha256:636cb2477cec7f8952536970bc533bc43743542f70392ae026374600add5b887", size = 4968631, upload-time = "2025-06-21T13:39:12.283Z" }
wheels = [
    { url = "https://files.pythonhosted.org/packages/c7/21/705964c7812476f378728bdf590ca4b771ec72385c533964653c68e86bdc/pygments-2.19.2-py3-none-any.whl", hash = "sha256:86540386c03d588bb81d44bc3928634ff26449851e99741617ecb9037ee5ec0b", size = 1225217, upload-time = "2025-06-21T13:39:07.939Z" },
]

[[package]]
name = "pytest"
version = "9.0.1"
source = { registry = "https://pypi.org/simple" }
dependencies = [
    { name = "colorama", marker = "sys_platform == 'win32'" },
    { name = "iniconfig" },
    { name = "packaging" },
    { name = "pluggy" },
    { name = "pygments" },
]
sdist = { url = "https://files.pythonhosted.org/packages/07/56/f013048ac4bc4c1d9be45afd4ab209ea62822fb1598f40687e6bf45dcea4/pytest-9.0.1.tar.gz", hash = "sha256:3e9c069ea73583e255c3b21cf46b8d3c56f6e3a1a8f6da94ccb0fcf57b9d73c8", size = 1564125, upload-time = "2025-11-12T13:05:09.333Z" }
wheels = [
    { url = "https://files.pythonhosted.org/packages/0b/8b/6300fb80f858cda1c51ffa17075df5d846757081d11ab4aa35cef9e6258b/pytest-9.0.1-py3-none-any.whl", hash = "sha256:67be0030d194df2dfa7b556f2e56fb3c3315bd5c8822c6951162b92b32ce7dad", size = 373668, upload-time = "2025-11-12T13:05:07.379Z" },
]

[[package]]
name = "pywin32"
version = "311"
source = { registry = "https://pypi.org/simple" }
wheels = [
    { url = "https://files.pythonhosted.org/packages/a5/be/3fd5de0979fcb3994bfee0d65ed8ca9506a8a1260651b86174f6a86f52b3/pywin32-311-cp313-cp313-win32.whl", hash = "sha256:f95ba5a847cba10dd8c4d8fefa9f2a6cf283b8b88ed6178fa8a6c1ab16054d0d", size = 8705700, upload-time = "2025-07-14T20:13:26.471Z" },
    { url = "https://files.pythonhosted.org/packages/e3/28/e0a1909523c6890208295a29e05c2adb2126364e289826c0a8bc7297bd5c/pywin32-311-cp313-cp313-win_amd64.whl", hash = "sha256:718a38f7e5b058e76aee1c56ddd06908116d35147e133427e59a3983f703a20d", size = 9494700, upload-time = "2025-07-14T20:13:28.243Z" },
    { url = "https://files.pythonhosted.org/packages/04/bf/90339ac0f55726dce7d794e6d79a18a91265bdf3aa70b6b9ca52f35e022a/pywin32-311-cp313-cp313-win_arm64.whl", hash = "sha256:7b4075d959648406202d92a2310cb990fea19b535c7f4a78d3f5e10b926eeb8a", size = 8709318, upload-time = "2025-07-14T20:13:30.348Z" },
    { url = "https://files.pythonhosted.org/packages/c9/31/097f2e132c4f16d99a22bfb777e0fd88bd8e1c634304e102f313af69ace5/pywin32-311-cp314-cp314-win32.whl", hash = "sha256:b7a2c10b93f8986666d0c803ee19b5990885872a7de910fc460f9b0c2fbf92ee", size = 8840714, upload-time = "2025-07-14T20:13:32.449Z" },
    { url = "https://files.pythonhosted.org/packages/90/4b/07c77d8ba0e01349358082713400435347df8426208171ce297da32c313d/pywin32-311-cp314-cp314-win_amd64.whl", hash = "sha256:3aca44c046bd2ed8c90de9cb8427f581c479e594e99b5c0bb19b29c10fd6cb87", size = 9656800, upload-time = "2025-07-14T20:13:34.312Z" },
    { url = "https://files.pythonhosted.org/packages/c0/d2/21af5c535501a7233e734b8af901574572da66fcc254cb35d0609c9080dd/pywin32-311-cp314-cp314-win_arm64.whl", hash = "sha256:a508e2d9025764a8270f93111a970e1d0fbfc33f4153b388bb649b7eec4f9b42", size = 8932540, upload-time = "2025-07-14T20:13:36.379Z" },
]

[[package]]
name = "ruff"
version = "0.14.6"
source = { registry = "https://pypi.org/simple" }
sdist = { url = "https://files.pythonhosted.org/packages/52/f0/62b5a1a723fe183650109407fa56abb433b00aa1c0b9ba555f9c4efec2c6/ruff-0.14.6.tar.gz", hash = "sha256:6f0c742ca6a7783a736b867a263b9a7a80a45ce9bee391eeda296895f1b4e1cc", size = 5669501, upload-time = "2025-11-21T14:26:17.903Z" }
wheels = [
    { url = "https://files.pythonhosted.org/packages/67/d2/7dd544116d107fffb24a0064d41a5d2ed1c9d6372d142f9ba108c8e39207/ruff-0.14.6-py3-none-linux_armv6l.whl", hash = "sha256:d724ac2f1c240dbd01a2ae98db5d1d9a5e1d9e96eba999d1c48e30062df578a3", size = 13326119, upload-time = "2025-11-21T14:25:24.2Z" },
    { url = "https://files.pythonhosted.org/packages/36/6a/ad66d0a3315d6327ed6b01f759d83df3c4d5f86c30462121024361137b6a/ruff-0.14.6-py3-none-macosx_10_12_x86_64.whl", hash = "sha256:9f7539ea257aa4d07b7ce87aed580e485c40143f2473ff2f2b75aee003186004", size = 13526007, upload-time = "2025-11-21T14:25:26.906Z" },
    { url = "https://files.pythonhosted.org/packages/a3/9d/dae6db96df28e0a15dea8e986ee393af70fc97fd57669808728080529c37/ruff-0.14.6-py3-none-macosx_11_0_arm64.whl", hash = "sha256:7f6007e55b90a2a7e93083ba48a9f23c3158c433591c33ee2e99a49b889c6332", size = 12676572, upload-time = "2025-11-21T14:25:29.826Z" },
    { url = "https://files.pythonhosted.org/packages/76/a4/f319e87759949062cfee1b26245048e92e2acce900ad3a909285f9db1859/ruff-0.14.6-py3-none-manylinux_2_17_aarch64.manylinux2014_aarch64.whl", hash = "sha256:0a8e7b9d73d8728b68f632aa8e824ef041d068d231d8dbc7808532d3629a6bef", size = 13140745, upload-time = "2025-11-21T14:25:32.788Z" },
    { url = "https://files.pythonhosted.org/packages/95/d3/248c1efc71a0a8ed4e8e10b4b2266845d7dfc7a0ab64354afe049eaa1310/ruff-0.14.6-py3-none-manylinux_2_17_armv7l.manylinux2014_armv7l.whl", hash = "sha256:d50d45d4553a3ebcbd33e7c5e0fe6ca4aafd9a9122492de357205c2c48f00775", size = 13076486, upload-time = "2025-11-21T14:25:35.601Z" },
    { url = "https://files.pythonhosted.org/packages/a5/19/b68d4563fe50eba4b8c92aa842149bb56dd24d198389c0ed12e7faff4f7d/ruff-0.14.6-py3-none-manylinux_2_17_i686.manylinux2014_i686.whl", hash = "sha256:118548dd121f8a21bfa8ab2c5b80e5b4aed67ead4b7567790962554f38e598ce", size = 13727563, upload-time = "2025-11-21T14:25:38.514Z" },
    { url = "https://files.pythonhosted.org/packages/47/ac/943169436832d4b0e867235abbdb57ce3a82367b47e0280fa7b4eabb7593/ruff-0.14.6-py3-none-manylinux_2_17_ppc64.manylinux2014_ppc64.whl", hash = "sha256:57256efafbfefcb8748df9d1d766062f62b20150691021f8ab79e2d919f7c11f", size = 15199755, upload-time = "2025-11-21T14:25:41.516Z" },
    { url = "https://files.pythonhosted.org/packages/c9/b9/288bb2399860a36d4bb0541cb66cce3c0f4156aaff009dc8499be0c24bf2/ruff-0.14.6-py3-none-manylinux_2_17_ppc64le.manylinux2014_ppc64le.whl", hash = "sha256:ff18134841e5c68f8e5df1999a64429a02d5549036b394fafbe410f886e1989d", size = 14850608, upload-time = "2025-11-21T14:25:44.428Z" },
    { url = "https://files.pythonhosted.org/packages/ee/b1/a0d549dd4364e240f37e7d2907e97ee80587480d98c7799d2d8dc7a2f605/ruff-0.14.6-py3-none-manylinux_2_17_s390x.manylinux2014_s390x.whl", hash = "sha256:29c4b7ec1e66a105d5c27bd57fa93203637d66a26d10ca9809dc7fc18ec58440", size = 14118754, upload-time = "2025-11-21T14:25:47.214Z" },
    { url = "https://files.pythonhosted.org/packages/13/ac/9b9fe63716af8bdfddfacd0882bc1586f29985d3b988b3c62ddce2e202c3/ruff-0.14.6-py3-none-manylinux_2_17_x86_64.manylinux2014_x86_64.whl", hash = "sha256:167843a6f78680746d7e226f255d920aeed5e4ad9c03258094a2d49d3028b105", size = 13949214, upload-time = "2025-11-21T14:25:50.002Z" },
    { url = "https://files.pythonhosted.org/packages/12/27/4dad6c6a77fede9560b7df6802b1b697e97e49ceabe1f12baf3ea20862e9/ruff-0.14.6-py3-none-manylinux_2_31_riscv64.whl", hash = "sha256:16a33af621c9c523b1ae006b1b99b159bf5ac7e4b1f20b85b2572455018e0821", size = 14106112, upload-time = "2025-11-21T14:25:52.841Z" },
    { url = "https://files.pythonhosted.org/packages/6a/db/23e322d7177873eaedea59a7932ca5084ec5b7e20cb30f341ab594130a71/ruff-0.14.6-py3-none-musllinux_1_2_aarch64.whl", hash = "sha256:1432ab6e1ae2dc565a7eea707d3b03a0c234ef401482a6f1621bc1f427c2ff55", size = 13035010, upload-time = "2025-11-21T14:25:55.536Z" },
    { url = "https://files.pythonhosted.org/packages/a8/9c/20e21d4d69dbb35e6a1df7691e02f363423658a20a2afacf2a2c011800dc/ruff-0.14.6-py3-none-musllinux_1_2_armv7l.whl", hash = "sha256:4c55cfbbe7abb61eb914bfd20683d14cdfb38a6d56c6c66efa55ec6570ee4e71", size = 13054082, upload-time = "2025-11-21T14:25:58.625Z" },
    { url = "https://files.pythonhosted.org/packages/66/25/906ee6a0464c3125c8d673c589771a974965c2be1a1e28b5c3b96cb6ef88/ruff-0.14.6-py3-none-musllinux_1_2_i686.whl", hash = "sha256:efea3c0f21901a685fff4befda6d61a1bf4cb43de16da87e8226a281d614350b", size = 13303354, upload-time = "2025-11-21T14:26:01.816Z" },
    { url = "https://files.pythonhosted.org/packages/4c/58/60577569e198d56922b7ead07b465f559002b7b11d53f40937e95067ca1c/ruff-0.14.6-py3-none-musllinux_1_2_x86_64.whl", hash = "sha256:344d97172576d75dc6afc0e9243376dbe1668559c72de1864439c4fc95f78185", size = 14054487, upload-time = "2025-11-21T14:26:05.058Z" },
    { url = "https://files.pythonhosted.org/packages/67/0b/8e4e0639e4cc12547f41cb771b0b44ec8225b6b6a93393176d75fe6f7d40/ruff-0.14.6-py3-none-win32.whl", hash = "sha256:00169c0c8b85396516fdd9ce3446c7ca20c2a8f90a77aa945ba6b8f2bfe99e85", size = 13013361, upload-time = "2025-11-21T14:26:08.152Z" },
    { url = "https://files.pythonhosted.org/packages/fb/02/82240553b77fd1341f80ebb3eaae43ba011c7a91b4224a9f317d8e6591af/ruff-0.14.6-py3-none-win_amd64.whl", hash = "sha256:390e6480c5e3659f8a4c8d6a0373027820419ac14fa0d2713bd8e6c3e125b8b9", size = 14432087, upload-time = "2025-11-21T14:26:10.891Z" },
    { url = "https://files.pythonhosted.org/packages/a5/1f/93f9b0fad9470e4c829a5bb678da4012f0c710d09331b860ee555216f4ea/ruff-0.14.6-py3-none-win_arm64.whl", hash = "sha256:d43c81fbeae52cfa8728d8766bbf46ee4298c888072105815b392da70ca836b2", size = 13520930, upload-time = "2025-11-21T14:26:13.951Z" },
]

[[package]]
name = "win32more"
version = "0.7.0"
source = { registry = "https://pypi.org/simple" }
dependencies = [
    { name = "win32more-appsdk" },
    { name = "win32more-core" },
    { name = "win32more-microsoft-graphics-win2d" },
    { name = "win32more-microsoft-web-webview2" },
    { name = "win32more-microsoft-windows-sdk-contracts" },
    { name = "win32more-microsoft-windows-sdk-win32metadata" },
    { name = "win32more-microsoft-windowsappsdk" },
]
sdist = { url = "https://files.pythonhosted.org/packages/37/da/e17576dd5a64f6b6003159188895d2c9d24a8b0e56b779b24d5a890d17de/win32more-0.7.0.tar.gz", hash = "sha256:2d24d6157fe12e8a870ae7d1eec62216c450a0b62ac639509d8ef28e7b9902a6", size = 4837, upload-time = "2025-11-01T04:22:58.607Z" }
wheels = [
    { url = "https://files.pythonhosted.org/packages/92/3a/658eb3ba88f067662be280f8f1aec07a70c96bac77e9edc48b1be38e446b/win32more-0.7.0-py3-none-any.whl", hash = "sha256:ba586b8a5997d1410de5d934e34aefdce8d15ef8d766d6a6b1cda8762d46b05e", size = 3671, upload-time = "2025-11-01T04:22:57.164Z" },
]

[[package]]
name = "win32more-appsdk"
version = "0.7.3"
source = { registry = "https://pypi.org/simple" }
dependencies = [
    { name = "win32more-core" },
]
sdist = { url = "https://files.pythonhosted.org/packages/c3/f0/5be8ea52f71036bc05db7c18b1e766c348dca8b6b197ac2f4e6364ae2eb0/win32more_appsdk-0.7.3.tar.gz", hash = "sha256:b98a627e44eebc9973bf76c29f80668d37dd121f8b82cc39a84d9df084e988ef", size = 10560, upload-time = "2025-11-18T13:34:51.928Z" }
wheels = [
    { url = "https://files.pythonhosted.org/packages/f6/49/cff21fc3adcac1fe19f9f2e50278553fe13b9ac702be569c97f85292481d/win32more_appsdk-0.7.3-py2.py3-none-any.whl", hash = "sha256:707cdd2db3f07dfd7d22b5aa2adffd13dbd316a5eed779ca272feaa6ebc22f88", size = 11853, upload-time = "2025-11-18T13:34:50.897Z" },
]

[[package]]
name = "win32more-core"
version = "0.7.0"
source = { registry = "https://pypi.org/simple" }
sdist = { url = "https://files.pythonhosted.org/packages/48/6f/2fab8c7926d73faf73ce56caaa57d27ef14ad94d3453f7b83e24adb89422/win32more_core-0.7.0.tar.gz", hash = "sha256:cef84b583e4c442b1f29afce288633fcccdecfe57798a89b96f2734d29416552", size = 21570, upload-time = "2025-11-01T04:23:06.389Z" }
wheels = [
    { url = "https://files.pythonhosted.org/packages/81/bc/7c1c5609f835d3e719c944714638a7a70bbfef6b990c251c32c1cd82d67a/win32more_core-0.7.0-py2.py3-none-any.whl", hash = "sha256:a501666b44bd36ceebbcff7656e7ec75f92813d23761d0f49f14c79b3a406bd9", size = 25807, upload-time = "2025-11-01T04:23:05.252Z" },
]

[[package]]
name = "win32more-microsoft-graphics-win2d"
version = "0.7.1.3.2"
source = { registry = "https://pypi.org/simple" }
dependencies = [
    { name = "win32more-core" },
    { name = "win32more-microsoft-windowsappsdk" },
]
sdist = { url = "https://files.pythonhosted.org/packages/17/cf/9bc5a6cacb6ef49b7d66bb5671ea3a185e6d9c9b8723a9d348793add1f60/win32more_microsoft_graphics_win2d-0.7.1.3.2.tar.gz", hash = "sha256:3f18f7eb2e3afcfe394350464c6349b61a11379d50a3a0d51fbd5cdf3c4c7cfc", size = 1905904, upload-time = "2025-11-01T04:23:36.732Z" }
wheels = [
    { url = "https://files.pythonhosted.org/packages/b5/6d/d58b223be7cff571527d91a3626089cb4da614dcba461811dcf18449f0f9/win32more_microsoft_graphics_win2d-0.7.1.3.2-py2.py3-none-any.whl", hash = "sha256:548f65fcebe72c19ae9c797dd9351c0d0bd20010856a4928f755f6d4ec01b16a", size = 1963610, upload-time = "2025-11-01T04:23:34.659Z" },
]

[[package]]
name = "win32more-microsoft-web-webview2"
version = "0.7.1.0.3595.46"
source = { registry = "https://pypi.org/simple" }
dependencies = [
    { name = "win32more-core" },
]
sdist = { url = "https://files.pythonhosted.org/packages/be/0f/2128e8b6bcfa4ee74287adb8dd293a5e9ec8d41af842942d029ba5dde2f9/win32more_microsoft_web_webview2-0.7.1.0.3595.46.tar.gz", hash = "sha256:2f9158850cb94ca170171267012c04666770340e7becb31563f4b8b1e3a2e307", size = 837380, upload-time = "2025-11-07T11:22:30.895Z" }
wheels = [
    { url = "https://files.pythonhosted.org/packages/fd/20/d21f91c06397793fd2b44e13e90361749ca5d10d35e81583003b6b555bb8/win32more_microsoft_web_webview2-0.7.1.0.3595.46-py2.py3-none-any.whl", hash = "sha256:0febd9c8f972d16c1994d84d1fcbb7d3fc5ddcc48e4b47ea3373866b7a32f4e4", size = 859550, upload-time = "2025-11-07T11:22:28.309Z" },
]

[[package]]
name = "win32more-microsoft-windows-sdk-contracts"
version = "0.7.10.0.26100.6901"
source = { registry = "https://pypi.org/simple" }
dependencies = [
    { name = "win32more-core" },
]
sdist = { url = "https://files.pythonhosted.org/packages/84/14/fb3062febd31be92ad01dd9f1be26f6fe7d87c6e35192e935c937a615136/win32more_microsoft_windows_sdk_contracts-0.7.10.0.26100.6901.tar.gz", hash = "sha256:ef601c47859c6efc500425bce35b10e4fe3ee3040ebeb16bea0c809d8660cb45", size = 1623624, upload-time = "2025-11-01T04:25:26.743Z" }
wheels = [
    { url = "https://files.pythonhosted.org/packages/56/d7/0bb36964811a23f262cdddb1e5b91fdbd2f494990d48e657f15108f04855/win32more_microsoft_windows_sdk_contracts-0.7.10.0.26100.6901-py2.py3-none-any.whl", hash = "sha256:392a62a6ec7b0025f1e5d6f55dbfb55191f0088db8f6a2fc769413ab36b2bbcf", size = 1792158, upload-time = "2025-11-01T04:25:24.425Z" },
]

[[package]]
name = "win32more-microsoft-windows-sdk-win32metadata"
version = "0.7.66.0.5"
source = { registry = "https://pypi.org/simple" }
dependencies = [
    { name = "win32more-core" },
]
sdist = { url = "https://files.pythonhosted.org/packages/90/80/8c252b18f36b837a5936e53c705f015b85f61227c533b2a0bfc6380a30cd/win32more_microsoft_windows_sdk_win32metadata-0.7.66.0.5.tar.gz", hash = "sha256:d0963dfdadffb426c885265bfc45412b254558f370d542248b71f3990c25e1a1", size = 3868297, upload-time = "2025-11-01T04:26:09.282Z" }
wheels = [
    { url = "https://files.pythonhosted.org/packages/59/22/3601d08fae805bded505e0f3d2e4cb132c5322b4cc3df3a5a2056f945db5/win32more_microsoft_windows_sdk_win32metadata-0.7.66.0.5-py2.py3-none-any.whl", hash = "sha256:1bb90a0b32b08257aeed0d6f01da40f3fbbe6ec7bd9bf32e112d6b39fbd944a3", size = 4013628, upload-time = "2025-11-01T04:26:06.832Z" },
]

[[package]]
name = "win32more-microsoft-windowsappsdk"
version = "0.7.1.8.251106002"
source = { registry = "https://pypi.org/simple" }
dependencies = [
    { name = "win32more-core" },
    { name = "win32more-microsoft-web-webview2" },
]
sdist = { url = "https://files.pythonhosted.org/packages/8f/70/794b15b708cf6462801c1d55894abb9121d4f07fc2f4b77ae8eb4274105b/win32more_microsoft_windowsappsdk-0.7.1.8.251106002.tar.gz", hash = "sha256:16077521a772de7482b1774d3d3e14ff3e4874b60e3152bd27300d001fd7fe2d", size = 1155538, upload-time = "2025-11-12T12:28:59.169Z" }
wheels = [
    { url = "https://files.pythonhosted.org/packages/ef/7c/9630708dd252e0c5c7c9975d52ba0deea996e9b0cf29784d521ac30f3a48/win32more_microsoft_windowsappsdk-0.7.1.8.251106002-py2.py3-none-any.whl", hash = "sha256:d37c42d0e6ac87f71a4a1209af8a6adadde19d4b6df44ab3375195f5f41c462c", size = 1212001, upload-time = "2025-11-12T12:28:57.441Z" },
]
